// !$*UTF8*$!
{
	archiveVersion = 1;
	classes = {
	};
	objectVersion = 56;
	objects = {

/* Begin PBXBuildFile section */
		A1000001 /* ClaudeTerminalApp.swift in Sources */ = {isa = PBXBuildFile; fileRef = A2000001; };
		A1000002 /* SessionPickerView.swift in Sources */ = {isa = PBXBuildFile; fileRef = A2000002; };
		A1000003 /* TerminalView.swift in Sources */ = {isa = PBXBuildFile; fileRef = A2000003; };
		A1000004 /* WebSocketManager.swift in Sources */ = {isa = PBXBuildFile; fileRef = A2000004; };
		A1000005 /* InputAccessoryBar.swift in Sources */ = {isa = PBXBuildFile; fileRef = A2000005; };
		A1000006 /* SessionModel.swift in Sources */ = {isa = PBXBuildFile; fileRef = A2000006; };
		A1000007 /* ServerConfig.swift in Sources */ = {isa = PBXBuildFile; fileRef = A2000007; };
		A1000008 /* Assets.xcassets in Resources */ = {isa = PBXBuildFile; fileRef = A2000008; };
		A1000009 /* Preview Assets.xcassets in Resources */ = {isa = PBXBuildFile; fileRef = A2000009; };
		A1000010 /* SwiftTerm in Frameworks */ = {isa = PBXBuildFile; productRef = A4000001; };
		A1000011 /* ScrollGestureHandler.swift in Sources */ = {isa = PBXBuildFile; fileRef = A2000011; };
		A1000012 /* VoiceManager.swift in Sources */ = {isa = PBXBuildFile; fileRef = A2000012; };
		A1000013 /* NotificationManager.swift in Sources */ = {isa = PBXBuildFile; fileRef = A2000013; };
		A1000014 /* ClipboardBridge.swift in Sources */ = {isa = PBXBuildFile; fileRef = A2000014; };
		A1000015 /* NetworkMonitor.swift in Sources */ = {isa = PBXBuildFile; fileRef = A2000015; };
		A1000016 /* TerminalToolbar.swift in Sources */ = {isa = PBXBuildFile; fileRef = A2000016; };
		A1000017 /* SessionSwitcher.swift in Sources */ = {isa = PBXBuildFile; fileRef = A2000017; };
		A1000018 /* FileUploadManager.swift in Sources */ = {isa = PBXBuildFile; fileRef = A2000018; };
		A1000019 /* DebugLogPanel.swift in Sources */ = {isa = PBXBuildFile; fileRef = A2000019; };
		A1000020 /* OnboardingView.swift in Sources */ = {isa = PBXBuildFile; fileRef = A2000020; };
		A1000021 /* SwiftTermView.swift in Sources */ = {isa = PBXBuildFile; fileRef = A2000021; };
		A1000022 /* TerminalContainerView.swift in Sources */ = {isa = PBXBuildFile; fileRef = A2000022; };
		A1000023 /* IMETextField.swift in Sources */ = {isa = PBXBuildFile; fileRef = A2000023; };
/* End PBXBuildFile section */

/* Begin PBXFileReference section */
		A2000001 /* ClaudeTerminalApp.swift */ = {isa = PBXFileReference; lastKnownFileType = sourcecode.swift; path = ClaudeTerminalApp.swift; sourceTree = "<group>"; };
		A2000002 /* SessionPickerView.swift */ = {isa = PBXFileReference; lastKnownFileType = sourcecode.swift; path = SessionPickerView.swift; sourceTree = "<group>"; };
		A2000003 /* TerminalView.swift */ = {isa = PBXFileReference; lastKnownFileType = sourcecode.swift; path = TerminalView.swift; sourceTree = "<group>"; };
		A2000004 /* WebSocketManager.swift */ = {isa = PBXFileReference; lastKnownFileType = sourcecode.swift; path = WebSocketManager.swift; sourceTree = "<group>"; };
		A2000005 /* InputAccessoryBar.swift */ = {isa = PBXFileReference; lastKnownFileType = sourcecode.swift; path = InputAccessoryBar.swift; sourceTree = "<group>"; };
		A2000006 /* SessionModel.swift */ = {isa = PBXFileReference; lastKnownFileType = sourcecode.swift; path = SessionModel.swift; sourceTree = "<group>"; };
		A2000007 /* ServerConfig.swift */ = {isa = PBXFileReference; lastKnownFileType = sourcecode.swift; path = ServerConfig.swift; sourceTree = "<group>"; };
		A2000008 /* Assets.xcassets */ = {isa = PBXFileReference; lastKnownFileType = folder.assetcatalog; path = Assets.xcassets; sourceTree = "<group>"; };
		A2000009 /* Preview Assets.xcassets */ = {isa = PBXFileReference; lastKnownFileType = folder.assetcatalog; path = "Preview Assets.xcassets"; sourceTree = "<group>"; };
		A2000011 /* ScrollGestureHandler.swift */ = {isa = PBXFileReference; lastKnownFileType = sourcecode.swift; path = ScrollGestureHandler.swift; sourceTree = "<group>"; };
		A2000012 /* VoiceManager.swift */ = {isa = PBXFileReference; lastKnownFileType = sourcecode.swift; path = VoiceManager.swift; sourceTree = "<group>"; };
		A2000013 /* NotificationManager.swift */ = {isa = PBXFileReference; lastKnownFileType = sourcecode.swift; path = NotificationManager.swift; sourceTree = "<group>"; };
		A2000014 /* ClipboardBridge.swift */ = {isa = PBXFileReference; lastKnownFileType = sourcecode.swift; path = ClipboardBridge.swift; sourceTree = "<group>"; };
		A2000015 /* NetworkMonitor.swift */ = {isa = PBXFileReference; lastKnownFileType = sourcecode.swift; path = NetworkMonitor.swift; sourceTree = "<group>"; };
		A2000016 /* TerminalToolbar.swift */ = {isa = PBXFileReference; lastKnownFileType = sourcecode.swift; path = TerminalToolbar.swift; sourceTree = "<group>"; };
		A2000017 /* SessionSwitcher.swift */ = {isa = PBXFileReference; lastKnownFileType = sourcecode.swift; path = SessionSwitcher.swift; sourceTree = "<group>"; };
		A2000018 /* FileUploadManager.swift */ = {isa = PBXFileReference; lastKnownFileType = sourcecode.swift; path = FileUploadManager.swift; sourceTree = "<group>"; };
		A2000019 /* DebugLogPanel.swift */ = {isa = PBXFileReference; lastKnownFileType = sourcecode.swift; path = DebugLogPanel.swift; sourceTree = "<group>"; };
		A2000020 /* OnboardingView.swift */ = {isa = PBXFileReference; lastKnownFileType = sourcecode.swift; path = OnboardingView.swift; sourceTree = "<group>"; };
		A2000021 /* SwiftTermView.swift */ = {isa = PBXFileReference; lastKnownFileType = sourcecode.swift; path = SwiftTermView.swift; sourceTree = "<group>"; };
		A2000022 /* TerminalContainerView.swift */ = {isa = PBXFileReference; lastKnownFileType = sourcecode.swift; path = TerminalContainerView.swift; sourceTree = "<group>"; };
		A2000023 /* IMETextField.swift */ = {isa = PBXFileReference; lastKnownFileType = sourcecode.swift; path = IMETextField.swift; sourceTree = "<group>"; };
		A3000001 /* ClaudeTerminal.app */ = {isa = PBXFileReference; explicitFileType = wrapper.application; includeInIndex = 0; path = ClaudeTerminal.app; sourceTree = BUILT_PRODUCTS_DIR; };
/* End PBXFileReference section */

/* Begin PBXFrameworksBuildPhase section */
		A5000001 /* Frameworks */ = {
			isa = PBXFrameworksBuildPhase;
			buildActionMask = 2147483647;
			files = (
				A1000010 /* SwiftTerm in Frameworks */,
			);
			runOnlyForDeploymentPostprocessing = 0;
		};
/* End PBXFrameworksBuildPhase section */

/* Begin PBXGroup section */
		A6000001 = {
			isa = PBXGroup;
			children = (
				A6000002 /* ClaudeTerminal */,
				A6000005 /* Products */,
			);
			sourceTree = "<group>";
		};
		A6000002 /* ClaudeTerminal */ = {
			isa = PBXGroup;
			children = (
				A2000001 /* ClaudeTerminalApp.swift */,
				A6000003 /* Views */,
				A6000004 /* Network */,
				A6000006 /* Models */,
				A6000008 /* Gestures */,
				A6000009 /* Audio */,
				A2000008 /* Assets.xcassets */,
				A6000007 /* Preview Content */,
			);
			path = ClaudeTerminal;
			sourceTree = "<group>";
		};
		A6000003 /* Views */ = {
			isa = PBXGroup;
			children = (
				A2000002 /* SessionPickerView.swift */,
				A2000003 /* TerminalView.swift */,
				A2000021 /* SwiftTermView.swift */,
				A2000022 /* TerminalContainerView.swift */,
				A2000023 /* IMETextField.swift */,
				A2000016 /* TerminalToolbar.swift */,
				A2000017 /* SessionSwitcher.swift */,
				A2000019 /* DebugLogPanel.swift */,
				A2000020 /* OnboardingView.swift */,
				A2000005 /* InputAccessoryBar.swift */,
			);
			path = Views;
			sourceTree = "<group>";
		};
		A6000004 /* Network */ = {
			isa = PBXGroup;
			children = (
				A2000004 /* WebSocketManager.swift */,
				A2000013 /* NotificationManager.swift */,
				A2000014 /* ClipboardBridge.swift */,
				A2000015 /* NetworkMonitor.swift */,
				A2000018 /* FileUploadManager.swift */,
			);
			path = Network;
			sourceTree = "<group>";
		};
		A6000005 /* Products */ = {
			isa = PBXGroup;
			children = (
				A3000001 /* ClaudeTerminal.app */,
			);
			name = Products;
			sourceTree = "<group>";
		};
		A6000006 /* Models */ = {
			isa = PBXGroup;
			children = (
				A2000006 /* SessionModel.swift */,
				A2000007 /* ServerConfig.swift */,
			);
			path = Models;
			sourceTree = "<group>";
		};
		A6000007 /* Preview Content */ = {
			isa = PBXGroup;
			children = (
				A2000009 /* Preview Assets.xcassets */,
			);
			path = "Preview Content";
			sourceTree = "<group>";
		};
		A6000008 /* Gestures */ = {
			isa = PBXGroup;
			children = (
				A2000011 /* ScrollGestureHandler.swift */,
			);
			path = Gestures;
			sourceTree = "<group>";
		};
		A6000009 /* Audio */ = {
			isa = PBXGroup;
			children = (
				A2000012 /* VoiceManager.swift */,
			);
			path = Audio;
			sourceTree = "<group>";
		};
/* End PBXGroup section */

/* Begin PBXNativeTarget section */
		A7000001 /* ClaudeTerminal */ = {
			isa = PBXNativeTarget;
			buildConfigurationList = A9000003 /* Build configuration list for PBXNativeTarget "ClaudeTerminal" */;
			buildPhases = (
				A5000002 /* Sources */,
				A5000001 /* Frameworks */,
				A5000003 /* Resources */,
			);
			buildRules = (
			);
			dependencies = (
			);
			name = ClaudeTerminal;
			packageProductDependencies = (
				A4000001 /* SwiftTerm */,
			);
			productName = ClaudeTerminal;
			productReference = A3000001 /* ClaudeTerminal.app */;
			productType = "com.apple.product-type.application";
		};
/* End PBXNativeTarget section */

/* Begin PBXProject section */
		A8000001 /* Project object */ = {
			isa = PBXProject;
			attributes = {
				BuildIndependentTargetsInParallel = 1;
				LastSwiftUpdateCheck = 1540;
				LastUpgradeCheck = 1540;
				TargetAttributes = {
					A7000001 = {
						CreatedOnToolsVersion = 15.4;
					};
				};
			};
			buildConfigurationList = A9000001 /* Build configuration list for PBXProject "ClaudeTerminal" */;
			compatibilityVersion = "Xcode 14.0";
			developmentRegion = en;
			hasScannedForEncodings = 0;
			knownRegions = (
				en,
				Base,
				"zh-Hans",
			);
			mainGroup = A6000001;
			packageReferences = (
				A4000002 /* XCRemoteSwiftPackageReference "SwiftTerm" */,
			);
			productRefGroup = A6000005 /* Products */;
			projectDirPath = "";
			projectRoot = "";
			targets = (
				A7000001 /* ClaudeTerminal */,
			);
		};
/* End PBXProject section */

/* Begin PBXResourcesBuildPhase section */
		A5000003 /* Resources */ = {
			isa = PBXResourcesBuildPhase;
			buildActionMask = 2147483647;
			files = (
				A1000009 /* Preview Assets.xcassets in Resources */,
				A1000008 /* Assets.xcassets in Resources */,
			);
			runOnlyForDeploymentPostprocessing = 0;
		};
/* End PBXResourcesBuildPhase section */

/* Begin PBXSourcesBuildPhase section */
		A5000002 /* Sources */ = {
			isa = PBXSourcesBuildPhase;
			buildActionMask = 2147483647;
			files = (
				A1000001 /* ClaudeTerminalApp.swift in Sources */,
				A1000002 /* SessionPickerView.swift in Sources */,
				A1000003 /* TerminalView.swift in Sources */,
				A1000004 /* WebSocketManager.swift in Sources */,
				A1000005 /* InputAccessoryBar.swift in Sources */,
				A1000006 /* SessionModel.swift in Sources */,
				A1000007 /* ServerConfig.swift in Sources */,
				A1000011 /* ScrollGestureHandler.swift in Sources */,
				A1000012 /* VoiceManager.swift in Sources */,
				A1000013 /* NotificationManager.swift in Sources */,
				A1000014 /* ClipboardBridge.swift in Sources */,
				A1000015 /* NetworkMonitor.swift in Sources */,
				A1000016 /* TerminalToolbar.swift in Sources */,
				A1000017 /* SessionSwitcher.swift in Sources */,
				A1000018 /* FileUploadManager.swift in Sources */,
				A1000019 /* DebugLogPanel.swift in Sources */,
				A1000020 /* OnboardingView.swift in Sources */,
				A1000021 /* SwiftTermView.swift in Sources */,
				A1000022 /* TerminalContainerView.swift in Sources */,
				A1000023 /* IMETextField.swift in Sources */,
			);
			runOnlyForDeploymentPostprocessing = 0;
		};
/* End PBXSourcesBuildPhase section */

/* Begin XCBuildConfiguration section */
		A9000002 /* Debug */ = {
			isa = XCBuildConfiguration;
			buildSettings = {
				ALWAYS_SEARCH_USER_PATHS = NO;
				ASSETCATALOG_COMPILER_GENERATE_SWIFT_ASSET_SYMBOL_EXTENSIONS = YES;
				CLANG_ANALYZER_NONNULL = YES;
				CLANG_ANALYZER_NUMBER_OBJECT_CONVERSION = YES_AGGRESSIVE;
				CLANG_CXX_LANGUAGE_STANDARD = "gnu++20";
				CLANG_ENABLE_MODULES = YES;
				CLANG_ENABLE_OBJC_ARC = YES;
				CLANG_ENABLE_OBJC_WEAK = YES;
				CLANG_WARN_BLOCK_CAPTURE_AUTORELEASING = YES;
				CLANG_WARN_BOOL_CONVERSION = YES;
				CLANG_WARN_COMMA = YES;
				CLANG_WARN_CONSTANT_CONVERSION = YES;
				CLANG_WARN_DEPRECATED_OBJC_IMPLEMENTATIONS = YES;
				CLANG_WARN_DIRECT_OBJC_ISA_USAGE = YES_ERROR;
				CLANG_WARN_DOCUMENTATION_COMMENTS = YES;
				CLANG_WARN_EMPTY_BODY = YES;
				CLANG_WARN_ENUM_CONVERSION = YES;
				CLANG_WARN_INFINITE_RECURSION = YES;
				CLANG_WARN_INT_CONVERSION = YES;
				CLANG_WARN_NON_LITERAL_NULL_CONVERSION = YES;
				CLANG_WARN_OBJC_IMPLICIT_RETAIN_SELF = YES;
				CLANG_WARN_OBJC_LITERAL_CONVERSION = YES;
				CLANG_WARN_OBJC_ROOT_CLASS = YES_ERROR;
				CLANG_WARN_QUOTED_INCLUDE_IN_FRAMEWORK_HEADER = YES;
				CLANG_WARN_RANGE_LOOP_ANALYSIS = YES;
				CLANG_WARN_STRICT_PROTOTYPES = YES;
				CLANG_WARN_SUSPICIOUS_MOVE = YES;
				CLANG_WARN_UNGUARDED_AVAILABILITY = YES_AGGRESSIVE;
				CLANG_WARN_UNREACHABLE_CODE = YES;
				CLANG_WARN__DUPLICATE_METHOD_MATCH = YES;
				COPY_PHASE_STRIP = NO;
				DEBUG_INFORMATION_FORMAT = dwarf;
				ENABLE_STRICT_OBJC_MSGSEND = YES;
				ENABLE_TESTABILITY = YES;
				ENABLE_USER_SCRIPT_SANDBOXING = YES;
				GCC_C_LANGUAGE_STANDARD = gnu17;
				GCC_DYNAMIC_NO_PIC = NO;
				GCC_NO_COMMON_BLOCKS = YES;
				GCC_OPTIMIZATION_LEVEL = 0;
				GCC_PREPROCESSOR_DEFINITIONS = (
					"DEBUG=1",
					"$(inherited)",
				);
				GCC_WARN_64_TO_32_BIT_CONVERSION = YES;
				GCC_WARN_ABOUT_RETURN_TYPE = YES_ERROR;
				GCC_WARN_UNDECLARED_SELECTOR = YES;
				GCC_WARN_UNINITIALIZED_AUTOS = YES_AGGRESSIVE;
				GCC_WARN_UNUSED_FUNCTION = YES;
				GCC_WARN_UNUSED_VARIABLE = YES;
				IPHONEOS_DEPLOYMENT_TARGET = 16.0;
				LOCALIZATION_PREFERS_STRING_CATALOGS = YES;
				MTL_ENABLE_DEBUG_INFO = INCLUDE_SOURCE;
				MTL_FAST_MATH = YES;
				ONLY_ACTIVE_ARCH = YES;
				SDKROOT = iphoneos;
				SWIFT_ACTIVE_COMPILATION_CONDITIONS = "$(inherited) DEBUG";
				SWIFT_OPTIMIZATION_LEVEL = "-Onone";
			};
			name = Debug;
		};
		A9000004 /* Release */ = {
			isa = XCBuildConfiguration;
			buildSettings = {
				ALWAYS_SEARCH_USER_PATHS = NO;
				ASSETCATALOG_COMPILER_GENERATE_SWIFT_ASSET_SYMBOL_EXTENSIONS = YES;
				CLANG_ANALYZER_NONNULL = YES;
				CLANG_ANALYZER_NUMBER_OBJECT_CONVERSION = YES_AGGRESSIVE;
				CLANG_CXX_LANGUAGE_STANDARD = "gnu++20";
				CLANG_ENABLE_MODULES = YES;
				CLANG_ENABLE_OBJC_ARC = YES;
				CLANG_ENABLE_OBJC_WEAK = YES;
				CLANG_WARN_BLOCK_CAPTURE_AUTORELEASING = YES;
				CLANG_WARN_BOOL_CONVERSION = YES;
				CLANG_WARN_COMMA = YES;
				CLANG_WARN_CONSTANT_CONVERSION = YES;
				CLANG_WARN_DEPRECATED_OBJC_IMPLEMENTATIONS = YES;
				CLANG_WARN_DIRECT_OBJC_ISA_USAGE = YES_ERROR;
				CLANG_WARN_DOCUMENTATION_COMMENTS = YES;
				CLANG_WARN_EMPTY_BODY = YES;
				CLANG_WARN_ENUM_CONVERSION = YES;
				CLANG_WARN_INFINITE_RECURSION = YES;
				CLANG_WARN_INT_CONVERSION = YES;
				CLANG_WARN_NON_LITERAL_NULL_CONVERSION = YES;
				CLANG_WARN_OBJC_IMPLICIT_RETAIN_SELF = YES;
				CLANG_WARN_OBJC_LITERAL_CONVERSION = YES;
				CLANG_WARN_OBJC_ROOT_CLASS = YES_ERROR;
				CLANG_WARN_QUOTED_INCLUDE_IN_FRAMEWORK_HEADER = YES;
				CLANG_WARN_RANGE_LOOP_ANALYSIS = YES;
				CLANG_WARN_STRICT_PROTOTYPES = YES;
				CLANG_WARN_SUSPICIOUS_MOVE = YES;
				CLANG_WARN_UNGUARDED_AVAILABILITY = YES_AGGRESSIVE;
				CLANG_WARN_UNREACHABLE_CODE = YES;
				CLANG_WARN__DUPLICATE_METHOD_MATCH = YES;
				COPY_PHASE_STRIP = NO;
				DEBUG_INFORMATION_FORMAT = "dwarf-with-dsym";
				ENABLE_NS_ASSERTIONS = NO;
				ENABLE_STRICT_OBJC_MSGSEND = YES;
				ENABLE_USER_SCRIPT_SANDBOXING = YES;
				GCC_C_LANGUAGE_STANDARD = gnu17;
				GCC_NO_COMMON_BLOCKS = YES;
				GCC_WARN_64_TO_32_BIT_CONVERSION = YES;
				GCC_WARN_ABOUT_RETURN_TYPE = YES_ERROR;
				GCC_WARN_UNDECLARED_SELECTOR = YES;
				GCC_WARN_UNINITIALIZED_AUTOS = YES_AGGRESSIVE;
				GCC_WARN_UNUSED_FUNCTION = YES;
				GCC_WARN_UNUSED_VARIABLE = YES;
				IPHONEOS_DEPLOYMENT_TARGET = 16.0;
				LOCALIZATION_PREFERS_STRING_CATALOGS = YES;
				MTL_ENABLE_DEBUG_INFO = NO;
				MTL_FAST_MATH = YES;
				SDKROOT = iphoneos;
				SWIFT_COMPILATION_MODE = wholemodule;
				VALIDATE_PRODUCT = YES;
			};
			name = Release;
		};
		A9000005 /* Debug */ = {
			isa = XCBuildConfiguration;
			buildSettings = {
				ASSETCATALOG_COMPILER_APPICON_NAME = AppIcon;
				ASSETCATALOG_COMPILER_GLOBAL_ACCENT_COLOR_NAME = AccentColor;
				CODE_SIGN_STYLE = Automatic;
				CURRENT_PROJECT_VERSION = 1;
				DEVELOPMENT_ASSET_PATHS = "\"ClaudeTerminal/Preview Content\"";
				ENABLE_PREVIEWS = YES;
				GENERATE_INFOPLIST_FILE = YES;
				INFOPLIST_KEY_CFBundleDisplayName = "Claude Terminal";
				INFOPLIST_KEY_UIApplicationSceneManifest_Generation = YES;
				INFOPLIST_KEY_UIApplicationSupportsIndirectInputEvents = YES;
				INFOPLIST_KEY_UILaunchScreen_Generation = YES;
				INFOPLIST_KEY_UISupportedInterfaceOrientations = "UIInterfaceOrientationPortrait UIInterfaceOrientationLandscapeLeft UIInterfaceOrientationLandscapeRight";
				INFOPLIST_KEY_UISupportedInterfaceOrientations_iPad = "UIInterfaceOrientationPortrait UIInterfaceOrientationPortraitUpsideDown UIInterfaceOrientationLandscapeLeft UIInterfaceOrientationLandscapeRight";
				LD_RUNPATH_SEARCH_PATHS = (
					"$(inherited)",
					"@executable_path/Frameworks",
				);
				MARKETING_VERSION = 6.0;
				PRODUCT_BUNDLE_IDENTIFIER = com.claude.terminal;
				PRODUCT_NAME = "$(TARGET_NAME)";
				SUPPORTED_PLATFORMS = "iphoneos iphonesimulator";
				SUPPORTS_MACCATALYST = NO;
				SWIFT_EMIT_LOC_STRINGS = YES;
				SWIFT_VERSION = 5.0;
				TARGETED_DEVICE_FAMILY = "1,2";
			};
			name = Debug;
		};
		A9000006 /* Release */ = {
			isa = XCBuildConfiguration;
			buildSettings = {
				ASSETCATALOG_COMPILER_APPICON_NAME = AppIcon;
				ASSETCATALOG_COMPILER_GLOBAL_ACCENT_COLOR_NAME = AccentColor;
				CODE_SIGN_STYLE = Automatic;
				CURRENT_PROJECT_VERSION = 1;
				DEVELOPMENT_ASSET_PATHS = "\"ClaudeTerminal/Preview Content\"";
				ENABLE_PREVIEWS = YES;
				GENERATE_INFOPLIST_FILE = YES;
				INFOPLIST_KEY_CFBundleDisplayName = "Claude Terminal";
				INFOPLIST_KEY_UIApplicationSceneManifest_Generation = YES;
				INFOPLIST_KEY_UIApplicationSupportsIndirectInputEvents = YES;
				INFOPLIST_KEY_UILaunchScreen_Generation = YES;
				INFOPLIST_KEY_UISupportedInterfaceOrientations = "UIInterfaceOrientationPortrait UIInterfaceOrientationLandscapeLeft UIInterfaceOrientationLandscapeRight";
				INFOPLIST_KEY_UISupportedInterfaceOrientations_iPad = "UIInterfaceOrientationPortrait UIInterfaceOrientationPortraitUpsideDown UIInterfaceOrientationLandscapeLeft UIInterfaceOrientationLandscapeRight";
				LD_RUNPATH_SEARCH_PATHS = (
					"$(inherited)",
					"@executable_path/Frameworks",
				);
				MARKETING_VERSION = 6.0;
				PRODUCT_BUNDLE_IDENTIFIER = com.claude.terminal;
				PRODUCT_NAME = "$(TARGET_NAME)";
				SUPPORTED_PLATFORMS = "iphoneos iphonesimulator";
				SUPPORTS_MACCATALYST = NO;
				SWIFT_EMIT_LOC_STRINGS = YES;
				SWIFT_VERSION = 5.0;
				TARGETED_DEVICE_FAMILY = "1,2";
			};
			name = Release;
		};
/* End XCBuildConfiguration section */

/* Begin XCConfigurationList section */
		A9000001 /* Build configuration list for PBXProject "ClaudeTerminal" */ = {
			isa = XCConfigurationList;
			buildConfigurations = (
				A9000002 /* Debug */,
				A9000004 /* Release */,
			);
			defaultConfigurationIsVisible = 0;
			defaultConfigurationName = Release;
		};
		A9000003 /* Build configuration list for PBXNativeTarget "ClaudeTerminal" */ = {
			isa = XCConfigurationList;
			buildConfigurations = (
				A9000005 /* Debug */,
				A9000006 /* Release */,
			);
			defaultConfigurationIsVisible = 0;
			defaultConfigurationName = Release;
		};
/* End XCConfigurationList section */

/* Begin XCRemoteSwiftPackageReference section */
		A4000002 /* XCRemoteSwiftPackageReference "SwiftTerm" */ = {
			isa = XCRemoteSwiftPackageReference;
			repositoryURL = "https://github.com/migueldeicaza/SwiftTerm.git";
			requirement = {
				kind = upToNextMajorVersion;
				minimumVersion = 1.0.0;
			};
		};
/* End XCRemoteSwiftPackageReference section */

/* Begin XCSwiftPackageProductDependency section */
		A4000001 /* SwiftTerm */ = {
			isa = XCSwiftPackageProductDependency;
			package = A4000002 /* XCRemoteSwiftPackageReference "SwiftTerm" */;
			productName = SwiftTerm;
		};
/* End XCSwiftPackageProductDependency section */
	};
	rootObject = A8000001 /* Project object */;
}
